
Microsoft Visual Studio Solution File, Format Version 12.00
# Visual Studio Version 17
VisualStudioVersion = 17.11.35303.130
MinimumVisualStudioVersion = 10.0.40219.1
Project("{9A19103F-16F7-4668-BE54-9A1E7A4F7556}") = "HexMapGenerator", "HexMapGenerator\HexMapGenerator.csproj", "{A530BB58-7AE6-420D-8071-B520B24FA16F}"
EndProject
Project("{9A19103F-16F7-4668-BE54-9A1E7A4F7556}") = "HexMapGenerator.Tests", "HexMapGenerator.Tests\HexMapGenerator.Tests.csproj", "{8BCD9607-71F4-40DF-B9FC-03776A26B735}"
EndProject
Project("{FAE04EC0-301F-11D3-BF4B-00C04F79EFBC}") = "HexMapGenerator.Example", "HexMapGenerator.Example\HexMapGenerator.Example.csproj", "{CCFE3700-DD3B-4F73-B373-1E3D84D96F5E}"
EndProject
Global
	GlobalSection(SolutionConfigurationPlatforms) = preSolution
		Debug|Any CPU = Debug|Any CPU
		Release|Any CPU = Release|Any CPU
	EndGlobalSection
	GlobalSection(ProjectConfigurationPlatforms) = postSolution
		{A530BB58-7AE6-420D-8071-B520B24FA16F}.Debug|Any CPU.ActiveCfg = Debug|Any CPU
		{A530BB58-7AE6-420D-8071-B520B24FA16F}.Debug|Any CPU.Build.0 = Debug|Any CPU
		{A530BB58-7AE6-420D-8071-B520B24FA16F}.Release|Any CPU.ActiveCfg = Release|Any CPU
		{A530BB58-7AE6-420D-8071-B520B24FA16F}.Release|Any CPU.Build.0 = Release|Any CPU
		{8BCD9607-71F4-40DF-B9FC-03776A26B735}.Debug|Any CPU.ActiveCfg = Debug|Any CPU
		{8BCD9607-71F4-40DF-B9FC-03776A26B735}.Debug|Any CPU.Build.0 = Debug|Any CPU
		{8BCD9607-71F4-40DF-B9FC-03776A26B735}.Release|Any CPU.ActiveCfg = Release|Any CPU
		{8BCD9607-71F4-40DF-B9FC-03776A26B735}.Release|Any CPU.Build.0 = Release|Any CPU
		{CCFE3700-DD3B-4F73-B373-1E3D84D96F5E}.Debug|Any CPU.ActiveCfg = Debug|Any CPU
		{CCFE3700-DD3B-4F73-B373-1E3D84D96F5E}.Debug|Any CPU.Build.0 = Debug|Any CPU
		{CCFE3700-DD3B-4F73-B373-1E3D84D96F5E}.Release|Any CPU.ActiveCfg = Release|Any CPU
		{CCFE3700-DD3B-4F73-B373-1E3D84D96F5E}.Release|Any CPU.Build.0 = Release|Any CPU
	EndGlobalSection
	GlobalSection(SolutionProperties) = preSolution
		HideSolutionNode = FALSE
	EndGlobalSection
	GlobalSection(ExtensibilityGlobals) = postSolution
		SolutionGuid = {C9625ACB-560C-4813-8BC5-637BA6414843}
	EndGlobalSection
EndGlobal
