Microsoft Visual Studio Solution File, Format Version 12.00
# Visual Studio Version 17
VisualStudioVersion = 17.5.2.0
MinimumVisualStudioVersion = 10.0.40219.1
Project("{FAE04EC0-301F-11D3-BF4B-00C04F79EFBC}") = "HexMapHeightmap", "HexMapHeightmap.csproj", "{7758D056-A565-30F7-160E-544E7475C607}"
EndProject
Global
	GlobalSection(SolutionConfigurationPlatforms) = preSolution
		Debug|Any CPU = Debug|Any CPU
		Release|Any CPU = Release|Any CPU
	EndGlobalSection
	GlobalSection(ProjectConfigurationPlatforms) = postSolution
		{7758D056-A565-30F7-160E-544E7475C607}.Debug|Any CPU.ActiveCfg = Debug|Any CPU
		{7758D056-A565-30F7-160E-544E7475C607}.Debug|Any CPU.Build.0 = Debug|Any CPU
		{7758D056-A565-30F7-160E-544E7475C607}.Release|Any CPU.ActiveCfg = Release|Any CPU
		{7758D056-A565-30F7-160E-544E7475C607}.Release|Any CPU.Build.0 = Release|Any CPU
	EndGlobalSection
	GlobalSection(SolutionProperties) = preSolution
		HideSolutionNode = FALSE
	EndGlobalSection
	GlobalSection(ExtensibilityGlobals) = postSolution
		SolutionGuid = {CF4D0856-30FB-40CD-894A-22E3C1E2CE9E}
	EndGlobalSection
EndGlobal
